{
  "name": "musteri-destek-sistemi",
  "version": "0.1.0",
  "lockfileVersion": 3,
  "requires": true,
  "packages": {
    "": {
      "name": "musteri-destek-sistemi",
      "version": "0.1.0",
      "dependencies": {
        "@headlessui/react": "^2.2.0",
        "@heroicons/react": "^2.2.0",
        "@modelcontextprotocol/sdk": "^1.7.0",
        "@prisma/client": "^6.5.0",
        "@types/bcrypt": "^5.0.2",
        "aws-sdk": "^2.1692.0",
        "bcrypt": "^5.1.1",
        "bcryptjs": "^3.0.2",
        "next": "15.2.3",
        "next-auth": "^4.24.11",
        "prisma": "^6.5.0",
        "react": "^19.0.0",
        "react-dom": "^19.0.0",
        "react-hook-form": "^7.54.2",
        "react-toastify": "^11.0.5",
        "recharts": "^2.15.1",
        "zod": "^3.24.2"
      },
      "devDependencies": {
        "@eslint/eslintrc": "^3",
        "@tailwindcss/postcss": "^4",
        "@types/node": "^20",
        "@types/react": "^19",
        "@types/react-dom": "^19",
        "eslint": "^9",
        "eslint-config-next": "15.2.3",
        "tailwindcss": "^4",
        "ts-node": "^10.9.2",
        "typescript": "^5"
      }
    }
  }
}